
Microsoft Visual Studio Solution File, Format Version 12.00
# Visual Studio Version 16
VisualStudioVersion = 16.0.33423.256
MinimumVisualStudioVersion = 10.0.40219.1
Project("{9A19103F-16F7-4668-BE54-9A1E7A4F7556}") = "QA2", "QA2.csproj", "{1596BF99-1F7C-478E-AF72-D60ABB99D48C}"
EndProject
Global
	GlobalSection(SolutionConfigurationPlatforms) = preSolution
		Debug|Any CPU = Debug|Any CPU
		Release|Any CPU = Release|Any CPU
	EndGlobalSection
	GlobalSection(ProjectConfigurationPlatforms) = postSolution
		{1596BF99-1F7C-478E-AF72-D60ABB99D48C}.Debug|Any CPU.ActiveCfg = Debug|Any CPU
		{1596BF99-1F7C-478E-AF72-D60ABB99D48C}.Debug|Any CPU.Build.0 = Debug|Any CPU
		{1596BF99-1F7C-478E-AF72-D60ABB99D48C}.Release|Any CPU.ActiveCfg = Release|Any CPU
		{1596BF99-1F7C-478E-AF72-D60ABB99D48C}.Release|Any CPU.Build.0 = Release|Any CPU
	EndGlobalSection
	GlobalSection(SolutionProperties) = preSolution
		HideSolutionNode = FALSE
	EndGlobalSection
	GlobalSection(ExtensibilityGlobals) = postSolution
		SolutionGuid = {6A1F1033-CA0A-4DA7-9FE5-0CFABC175D20}
	EndGlobalSection
EndGlobal
